
Microsoft Visual Studio Solution File, Format Version 12.00
# Visual Studio Version 17
VisualStudioVersion = 17.6.33717.318
MinimumVisualStudioVersion = 10.0.40219.1
Project("{9A19103F-16F7-4668-BE54-9A1E7A4F7556}") = "TinyLink.Api", "TinyLink.Api\TinyLink.Api.csproj", "{645F14EB-46BD-46E6-B458-A452321E7332}"
EndProject
Project("{2150E333-8FDC-42A3-9474-1A3956D46DE8}") = "ShortLinks", "ShortLinks", "{39CC71C4-5D60-464C-B670-29D52EFC4D5C}"
EndProject
Project("{9A19103F-16F7-4668-BE54-9A1E7A4F7556}") = "TinyLink.ShortLinks", "ShortLinks\TinyLink.ShortLinks\TinyLink.ShortLinks.csproj", "{8A2BB686-D1AD-4B18-9AA0-40D51CAA6515}"
EndProject
Project("{9A19103F-16F7-4668-BE54-9A1E7A4F7556}") = "TinyLink.ShortLinks.Abstractions", "ShortLinks\TinyLink.ShortLinks.Abstractions\TinyLink.ShortLinks.Abstractions.csproj", "{52033CE9-BBF7-4E46-8706-9D86C568CE5B}"
EndProject
Project("{9A19103F-16F7-4668-BE54-9A1E7A4F7556}") = "TinyLink.ShortLinks.TableStorage", "ShortLinks\TinyLink.ShortLinks.TableStorage\TinyLink.ShortLinks.TableStorage.csproj", "{8AF692B1-3661-4474-A16A-95255B6461D6}"
EndProject
Project("{9A19103F-16F7-4668-BE54-9A1E7A4F7556}") = "TinyLink.ShortLinks.Tests", "ShortLinks\TinyLink.ShortLinks.Tests\TinyLink.ShortLinks.Tests.csproj", "{B0696E2D-BA57-4B5A-82D7-CA17267585B5}"
EndProject
Project("{2150E333-8FDC-42A3-9474-1A3956D46DE8}") = "Jobs", "Jobs", "{5FD11390-A7A9-45A0-901B-D1F181BE702B}"
EndProject
Project("{2150E333-8FDC-42A3-9474-1A3956D46DE8}") = "Hits", "Hits", "{8403E529-28B2-4DEE-AAF2-AC030A03429B}"
EndProject
Project("{FAE04EC0-301F-11D3-BF4B-00C04F79EFBC}") = "TinyLink.Hits", "TinyLink.Hits\TinyLink.Hits.csproj", "{B6CDB418-54B6-4BB6-AF42-B9F80C69A78A}"
EndProject
Project("{FAE04EC0-301F-11D3-BF4B-00C04F79EFBC}") = "TinyLink.Hits.Abstractions", "TinyLink.Hits.Abstractions\TinyLink.Hits.Abstractions.csproj", "{21F1B048-DA03-4A61-AF50-9FF2A8544716}"
EndProject
Project("{FAE04EC0-301F-11D3-BF4B-00C04F79EFBC}") = "TinyLink.Hits.TableStorage", "TinyLink.Hits.TableStorage\TinyLink.Hits.TableStorage.csproj", "{97770845-CBFF-4520-97A0-B59132757D81}"
EndProject
Project("{FAE04EC0-301F-11D3-BF4B-00C04F79EFBC}") = "TinyLink.Jobs.Hits.Processor", "TinyLink.Jobs.Hits.Processor\TinyLink.Jobs.Hits.Processor.csproj", "{5D0C32AB-468E-4899-9005-3F5616E8C4F7}"
EndProject
Project("{FAE04EC0-301F-11D3-BF4B-00C04F79EFBC}") = "TinyLink.Jobs.Hits.Accumulator", "TinyLink.Jobs.Hits.Accumulator\TinyLink.Jobs.Hits.Accumulator.csproj", "{57538F63-88C8-4D7F-9E78-24E96A678F07}"
EndProject
Global
	GlobalSection(SolutionConfigurationPlatforms) = preSolution
		Debug|Any CPU = Debug|Any CPU
		Release|Any CPU = Release|Any CPU
	EndGlobalSection
	GlobalSection(ProjectConfigurationPlatforms) = postSolution
		{645F14EB-46BD-46E6-B458-A452321E7332}.Debug|Any CPU.ActiveCfg = Debug|Any CPU
		{645F14EB-46BD-46E6-B458-A452321E7332}.Debug|Any CPU.Build.0 = Debug|Any CPU
		{645F14EB-46BD-46E6-B458-A452321E7332}.Release|Any CPU.ActiveCfg = Release|Any CPU
		{645F14EB-46BD-46E6-B458-A452321E7332}.Release|Any CPU.Build.0 = Release|Any CPU
		{8A2BB686-D1AD-4B18-9AA0-40D51CAA6515}.Debug|Any CPU.ActiveCfg = Debug|Any CPU
		{8A2BB686-D1AD-4B18-9AA0-40D51CAA6515}.Debug|Any CPU.Build.0 = Debug|Any CPU
		{8A2BB686-D1AD-4B18-9AA0-40D51CAA6515}.Release|Any CPU.ActiveCfg = Release|Any CPU
		{8A2BB686-D1AD-4B18-9AA0-40D51CAA6515}.Release|Any CPU.Build.0 = Release|Any CPU
		{52033CE9-BBF7-4E46-8706-9D86C568CE5B}.Debug|Any CPU.ActiveCfg = Debug|Any CPU
		{52033CE9-BBF7-4E46-8706-9D86C568CE5B}.Debug|Any CPU.Build.0 = Debug|Any CPU
		{52033CE9-BBF7-4E46-8706-9D86C568CE5B}.Release|Any CPU.ActiveCfg = Release|Any CPU
		{52033CE9-BBF7-4E46-8706-9D86C568CE5B}.Release|Any CPU.Build.0 = Release|Any CPU
		{8AF692B1-3661-4474-A16A-95255B6461D6}.Debug|Any CPU.ActiveCfg = Debug|Any CPU
		{8AF692B1-3661-4474-A16A-95255B6461D6}.Debug|Any CPU.Build.0 = Debug|Any CPU
		{8AF692B1-3661-4474-A16A-95255B6461D6}.Release|Any CPU.ActiveCfg = Release|Any CPU
		{8AF692B1-3661-4474-A16A-95255B6461D6}.Release|Any CPU.Build.0 = Release|Any CPU
		{B0696E2D-BA57-4B5A-82D7-CA17267585B5}.Debug|Any CPU.ActiveCfg = Debug|Any CPU
		{B0696E2D-BA57-4B5A-82D7-CA17267585B5}.Debug|Any CPU.Build.0 = Debug|Any CPU
		{B0696E2D-BA57-4B5A-82D7-CA17267585B5}.Release|Any CPU.ActiveCfg = Release|Any CPU
		{B0696E2D-BA57-4B5A-82D7-CA17267585B5}.Release|Any CPU.Build.0 = Release|Any CPU
		{B6CDB418-54B6-4BB6-AF42-B9F80C69A78A}.Debug|Any CPU.ActiveCfg = Debug|Any CPU
		{B6CDB418-54B6-4BB6-AF42-B9F80C69A78A}.Debug|Any CPU.Build.0 = Debug|Any CPU
		{B6CDB418-54B6-4BB6-AF42-B9F80C69A78A}.Release|Any CPU.ActiveCfg = Release|Any CPU
		{B6CDB418-54B6-4BB6-AF42-B9F80C69A78A}.Release|Any CPU.Build.0 = Release|Any CPU
		{21F1B048-DA03-4A61-AF50-9FF2A8544716}.Debug|Any CPU.ActiveCfg = Debug|Any CPU
		{21F1B048-DA03-4A61-AF50-9FF2A8544716}.Debug|Any CPU.Build.0 = Debug|Any CPU
		{21F1B048-DA03-4A61-AF50-9FF2A8544716}.Release|Any CPU.ActiveCfg = Release|Any CPU
		{21F1B048-DA03-4A61-AF50-9FF2A8544716}.Release|Any CPU.Build.0 = Release|Any CPU
		{97770845-CBFF-4520-97A0-B59132757D81}.Debug|Any CPU.ActiveCfg = Debug|Any CPU
		{97770845-CBFF-4520-97A0-B59132757D81}.Debug|Any CPU.Build.0 = Debug|Any CPU
		{97770845-CBFF-4520-97A0-B59132757D81}.Release|Any CPU.ActiveCfg = Release|Any CPU
		{97770845-CBFF-4520-97A0-B59132757D81}.Release|Any CPU.Build.0 = Release|Any CPU
		{5D0C32AB-468E-4899-9005-3F5616E8C4F7}.Debug|Any CPU.ActiveCfg = Debug|Any CPU
		{5D0C32AB-468E-4899-9005-3F5616E8C4F7}.Debug|Any CPU.Build.0 = Debug|Any CPU
		{5D0C32AB-468E-4899-9005-3F5616E8C4F7}.Release|Any CPU.ActiveCfg = Release|Any CPU
		{5D0C32AB-468E-4899-9005-3F5616E8C4F7}.Release|Any CPU.Build.0 = Release|Any CPU
		{57538F63-88C8-4D7F-9E78-24E96A678F07}.Debug|Any CPU.ActiveCfg = Debug|Any CPU
		{57538F63-88C8-4D7F-9E78-24E96A678F07}.Debug|Any CPU.Build.0 = Debug|Any CPU
		{57538F63-88C8-4D7F-9E78-24E96A678F07}.Release|Any CPU.ActiveCfg = Release|Any CPU
		{57538F63-88C8-4D7F-9E78-24E96A678F07}.Release|Any CPU.Build.0 = Release|Any CPU
	EndGlobalSection
	GlobalSection(SolutionProperties) = preSolution
		HideSolutionNode = FALSE
	EndGlobalSection
	GlobalSection(NestedProjects) = preSolution
		{8A2BB686-D1AD-4B18-9AA0-40D51CAA6515} = {39CC71C4-5D60-464C-B670-29D52EFC4D5C}
		{52033CE9-BBF7-4E46-8706-9D86C568CE5B} = {39CC71C4-5D60-464C-B670-29D52EFC4D5C}
		{8AF692B1-3661-4474-A16A-95255B6461D6} = {39CC71C4-5D60-464C-B670-29D52EFC4D5C}
		{B0696E2D-BA57-4B5A-82D7-CA17267585B5} = {39CC71C4-5D60-464C-B670-29D52EFC4D5C}
		{B6CDB418-54B6-4BB6-AF42-B9F80C69A78A} = {8403E529-28B2-4DEE-AAF2-AC030A03429B}
		{21F1B048-DA03-4A61-AF50-9FF2A8544716} = {8403E529-28B2-4DEE-AAF2-AC030A03429B}
		{97770845-CBFF-4520-97A0-B59132757D81} = {8403E529-28B2-4DEE-AAF2-AC030A03429B}
		{5D0C32AB-468E-4899-9005-3F5616E8C4F7} = {5FD11390-A7A9-45A0-901B-D1F181BE702B}
		{57538F63-88C8-4D7F-9E78-24E96A678F07} = {5FD11390-A7A9-45A0-901B-D1F181BE702B}
	EndGlobalSection
	GlobalSection(ExtensibilityGlobals) = postSolution
		SolutionGuid = {D711FEA8-1801-4B5B-80B4-8027891F43AA}
	EndGlobalSection
EndGlobal
